<?xml version="1.0" encoding="utf-8"?>
<Project ToolsVersion="4.0" xmlns="http://schemas.microsoft.com/developer/msbuild/2003">
  <ItemGroup>
    <Filter Include="Source Files">
      <UniqueIdentifier>{4FC737F1-C7A5-4376-A066-2A32D752A2FF}</UniqueIdentifier>
      <Extensions>cpp;c;cc;cxx;c++;cppm;ixx;def;odl;idl;hpj;bat;asm;asmx</Extensions>
    </Filter>
    <Filter Include="Header Files">
      <UniqueIdentifier>{93995380-89BD-4b04-88EB-625FBE52EBFB}</UniqueIdentifier>
      <Extensions>h;hh;hpp;hxx;h++;hm;inl;inc;ipp;xsd</Extensions>
    </Filter>
    <Filter Include="Resource Files">
      <UniqueIdentifier>{67DA6AB6-F800-4c08-8B7A-83BB121AAD01}</UniqueIdentifier>
      <Extensions>rc;ico;cur;bmp;dlg;rc2;rct;bin;rgs;gif;jpg;jpeg;jpe;resx;tiff;tif;png;wav;mfcribbon-ms</Extensions>
    </Filter>
    <Filter Include="Shaders">
      <UniqueIdentifier>{a19ace8a-d075-4a5a-a30d-6f895d1e54d7}</UniqueIdentifier>
    </Filter>
    <Filter Include="DearImGui">
      <UniqueIdentifier>{717c2b3c-bccd-45de-91a2-5799c037657f}</UniqueIdentifier>
    </Filter>
  </ItemGroup>
  <ItemGroup>
    <ClInclude Include="Main.h">
      <Filter>Header Files</Filter>
    </ClInclude>
    <ClInclude Include="Renderer.h">
      <Filter>Header Files</Filter>
    </ClInclude>
    <ClInclude Include="ShaderManager.h">
      <Filter>Header Files</Filter>
    </ClInclude>
    <ClInclude Include="Material.h">
      <Filter>Header Files</Filter>
    </ClInclude>
    <ClInclude Include="Assets\Includes\stb_image.h">
      <Filter>Header Files</Filter>
    </ClInclude>
    <ClInclude Include="Core.h">
      <Filter>Header Files</Filter>
    </ClInclude>
    <ClInclude Include="Object.h">
      <Filter>Header Files</Filter>
    </ClInclude>
    <ClInclude Include="Camera.h">
      <Filter>Header Files</Filter>
    </ClInclude>
    <ClInclude Include="Model.h">
      <Filter>Header Files</Filter>
    </ClInclude>
    <ClInclude Include="Light.h">
      <Filter>Header Files</Filter>
    </ClInclude>
    <ClInclude Include="Assets\Includes\DearImGui\imconfig.h">
      <Filter>DearImGui</Filter>
    </ClInclude>
    <ClInclude Include="Assets\Includes\DearImGui\imgui.h">
      <Filter>DearImGui</Filter>
    </ClInclude>
    <ClInclude Include="Assets\Includes\DearImGui\imgui_internal.h">
      <Filter>DearImGui</Filter>
    </ClInclude>
    <ClInclude Include="Assets\Includes\DearImGui\imstb_rectpack.h">
      <Filter>DearImGui</Filter>
    </ClInclude>
    <ClInclude Include="Assets\Includes\DearImGui\imstb_textedit.h">
      <Filter>DearImGui</Filter>
    </ClInclude>
    <ClInclude Include="Assets\Includes\DearImGui\imstb_truetype.h">
      <Filter>DearImGui</Filter>
    </ClInclude>
    <ClInclude Include="Assets\Includes\DearImGui\imgui_impl_glfw.h">
      <Filter>DearImGui</Filter>
    </ClInclude>
    <ClInclude Include="Assets\Includes\DearImGui\imgui_impl_opengl3.h">
      <Filter>DearImGui</Filter>
    </ClInclude>
    <ClInclude Include="Assets\Includes\DearImGui\imgui_impl_opengl3_loader.h">
      <Filter>DearImGui</Filter>
    </ClInclude>
    <ClInclude Include="Transform.h">
      <Filter>Header Files</Filter>
    </ClInclude>
    <ClInclude Include="Sky.h">
      <Filter>Header Files</Filter>
    </ClInclude>
    <ClInclude Include="STB.h">
      <Filter>Header Files</Filter>
    </ClInclude>
    <ClInclude Include="ComputeShader.h">
      <Filter>Header Files</Filter>
    </ClInclude>
  </ItemGroup>
  <ItemGroup>
    <ClCompile Include="Main.cpp">
      <Filter>Source Files</Filter>
    </ClCompile>
    <ClCompile Include="Renderer.cpp">
      <Filter>Source Files</Filter>
    </ClCompile>
    <ClCompile Include="ShaderManager.cpp">
      <Filter>Source Files</Filter>
    </ClCompile>
    <ClCompile Include="Material.cpp">
      <Filter>Source Files</Filter>
    </ClCompile>
    <ClCompile Include="Object.cpp">
      <Filter>Source Files</Filter>
    </ClCompile>
    <ClCompile Include="Camera.cpp">
      <Filter>Source Files</Filter>
    </ClCompile>
    <ClCompile Include="Model.cpp">
      <Filter>Source Files</Filter>
    </ClCompile>
    <ClCompile Include="Light.cpp">
      <Filter>Source Files</Filter>
    </ClCompile>
    <ClCompile Include="Assets\Includes\DearImGui\imgui.cpp">
      <Filter>DearImGui</Filter>
    </ClCompile>
    <ClCompile Include="Assets\Includes\DearImGui\imgui_demo.cpp">
      <Filter>DearImGui</Filter>
    </ClCompile>
    <ClCompile Include="Assets\Includes\DearImGui\imgui_draw.cpp">
      <Filter>DearImGui</Filter>
    </ClCompile>
    <ClCompile Include="Assets\Includes\DearImGui\imgui_tables.cpp">
      <Filter>DearImGui</Filter>
    </ClCompile>
    <ClCompile Include="Assets\Includes\DearImGui\imgui_widgets.cpp">
      <Filter>DearImGui</Filter>
    </ClCompile>
    <ClCompile Include="Assets\Includes\DearImGui\imgui_impl_glfw.cpp">
      <Filter>DearImGui</Filter>
    </ClCompile>
    <ClCompile Include="Assets\Includes\DearImGui\imgui_impl_opengl3.cpp">
      <Filter>DearImGui</Filter>
    </ClCompile>
    <ClCompile Include="Transform.cpp">
      <Filter>Source Files</Filter>
    </ClCompile>
    <ClCompile Include="Sky.cpp">
      <Filter>Source Files</Filter>
    </ClCompile>
    <ClCompile Include="STB.cpp">
      <Filter>Source Files</Filter>
    </ClCompile>
    <ClCompile Include="ComputeShader.cpp">
      <Filter>Source Files</Filter>
    </ClCompile>
  </ItemGroup>
  <ItemGroup>
    <None Include="Assets\Shaders\baseShader.frag">
      <Filter>Shaders</Filter>
    </None>
    <None Include="Assets\Shaders\baseShader.vert">
      <Filter>Shaders</Filter>
    </None>
    <None Include="Assets\Shaders\skyShader.frag">
      <Filter>Shaders</Filter>
    </None>
    <None Include="Assets\Shaders\skyShader.vert">
      <Filter>Shaders</Filter>
    </None>
    <None Include="Assets\Shaders\irradianceMap.frag">
      <Filter>Shaders</Filter>
    </None>
    <None Include="Assets\Shaders\brdfMap.frag">
      <Filter>Shaders</Filter>
    </None>
    <None Include="Assets\Shaders\brdfMap.vert">
      <Filter>Shaders</Filter>
    </None>
    <None Include="Assets\Shaders\computeBase.comp">
      <Filter>Shaders</Filter>
    </None>
    <None Include="README.md" />
  </ItemGroup>
  <ItemGroup>
    <Text Include="Assets\Includes\DearImGui\LICENSE.txt">
      <Filter>DearImGui</Filter>
    </Text>
    <Text Include="Assets\Shaders\cubemap.vert">
      <Filter>Shaders</Filter>
    </Text>
    <Text Include="Assets\Shaders\prefilterMap.frag">
      <Filter>Shaders</Filter>
    </Text>
  </ItemGroup>
</Project>